
Microsoft Visual Studio Solution File, Format Version 12.00
# Visual Studio 15
VisualStudioVersion = 15.0.28307.757
MinimumVisualStudioVersion = 10.0.40219.1
Project("{2150E333-8FDC-42A3-9474-1A3956D46DE8}") = "Application", "Application", "{2EDC3AD6-2A4D-4FBC-9ECD-FD51DF515071}"
EndProject
Project("{2150E333-8FDC-42A3-9474-1A3956D46DE8}") = "Domain", "Domain", "{90BB4D95-54C0-4694-B0D3-1E8163E637F3}"
EndProject
Project("{2150E333-8FDC-42A3-9474-1A3956D46DE8}") = "Infra.IoC", "Infra.IoC", "{3B95B234-85C6-47AE-9355-3E43066467A4}"
EndProject
Project("{2150E333-8FDC-42A3-9474-1A3956D46DE8}") = "Infra.Data", "Infra.Data", "{8942952B-3984-421E-93CE-5BD9F790257B}"
EndProject
Project("{2150E333-8FDC-42A3-9474-1A3956D46DE8}") = "Presentation", "Presentation", "{3B694E9B-0D14-479A-AD2F-633BB563CB90}"
EndProject
Project("{9A19103F-16F7-4668-BE54-9A1E7A4F7556}") = "CleanArch.Mvc", "CleanArch.Mvc\CleanArch.Mvc.csproj", "{1FB82A43-128D-46B5-AE3C-BF9C02CC06CE}"
EndProject
Project("{9A19103F-16F7-4668-BE54-9A1E7A4F7556}") = "CleanArch.Domain", "CleanArch.Domain\CleanArch.Domain.csproj", "{938D81A3-427F-40A9-826F-E83735FA6714}"
EndProject
Project("{FAE04EC0-301F-11D3-BF4B-00C04F79EFBC}") = "CleanArch.Infa.Data", "CleanArch.Infa.Data\CleanArch.Infa.Data.csproj", "{75AFBBC4-294A-49BD-B370-3A8103E9F050}"
EndProject
Project("{FAE04EC0-301F-11D3-BF4B-00C04F79EFBC}") = "CleanArch.Application", "CleanArch.Application\CleanArch.Application.csproj", "{C0E28910-073D-4C02-BC5A-72196E5FB9F4}"
EndProject
Project("{FAE04EC0-301F-11D3-BF4B-00C04F79EFBC}") = "CleanArch.Infra.IoC", "CleanArch.Infra.IoC\CleanArch.Infra.IoC.csproj", "{F5ABA0AA-FBD4-4BE2-BD8F-0F4DFF8B958B}"
EndProject
Global
	GlobalSection(SolutionConfigurationPlatforms) = preSolution
		Debug|Any CPU = Debug|Any CPU
		Release|Any CPU = Release|Any CPU
	EndGlobalSection
	GlobalSection(ProjectConfigurationPlatforms) = postSolution
		{1FB82A43-128D-46B5-AE3C-BF9C02CC06CE}.Debug|Any CPU.ActiveCfg = Debug|Any CPU
		{1FB82A43-128D-46B5-AE3C-BF9C02CC06CE}.Debug|Any CPU.Build.0 = Debug|Any CPU
		{1FB82A43-128D-46B5-AE3C-BF9C02CC06CE}.Release|Any CPU.ActiveCfg = Release|Any CPU
		{1FB82A43-128D-46B5-AE3C-BF9C02CC06CE}.Release|Any CPU.Build.0 = Release|Any CPU
		{938D81A3-427F-40A9-826F-E83735FA6714}.Debug|Any CPU.ActiveCfg = Debug|Any CPU
		{938D81A3-427F-40A9-826F-E83735FA6714}.Debug|Any CPU.Build.0 = Debug|Any CPU
		{938D81A3-427F-40A9-826F-E83735FA6714}.Release|Any CPU.ActiveCfg = Release|Any CPU
		{938D81A3-427F-40A9-826F-E83735FA6714}.Release|Any CPU.Build.0 = Release|Any CPU
		{75AFBBC4-294A-49BD-B370-3A8103E9F050}.Debug|Any CPU.ActiveCfg = Debug|Any CPU
		{75AFBBC4-294A-49BD-B370-3A8103E9F050}.Debug|Any CPU.Build.0 = Debug|Any CPU
		{75AFBBC4-294A-49BD-B370-3A8103E9F050}.Release|Any CPU.ActiveCfg = Release|Any CPU
		{75AFBBC4-294A-49BD-B370-3A8103E9F050}.Release|Any CPU.Build.0 = Release|Any CPU
		{C0E28910-073D-4C02-BC5A-72196E5FB9F4}.Debug|Any CPU.ActiveCfg = Debug|Any CPU
		{C0E28910-073D-4C02-BC5A-72196E5FB9F4}.Debug|Any CPU.Build.0 = Debug|Any CPU
		{C0E28910-073D-4C02-BC5A-72196E5FB9F4}.Release|Any CPU.ActiveCfg = Release|Any CPU
		{C0E28910-073D-4C02-BC5A-72196E5FB9F4}.Release|Any CPU.Build.0 = Release|Any CPU
		{F5ABA0AA-FBD4-4BE2-BD8F-0F4DFF8B958B}.Debug|Any CPU.ActiveCfg = Debug|Any CPU
		{F5ABA0AA-FBD4-4BE2-BD8F-0F4DFF8B958B}.Debug|Any CPU.Build.0 = Debug|Any CPU
		{F5ABA0AA-FBD4-4BE2-BD8F-0F4DFF8B958B}.Release|Any CPU.ActiveCfg = Release|Any CPU
		{F5ABA0AA-FBD4-4BE2-BD8F-0F4DFF8B958B}.Release|Any CPU.Build.0 = Release|Any CPU
	EndGlobalSection
	GlobalSection(SolutionProperties) = preSolution
		HideSolutionNode = FALSE
	EndGlobalSection
	GlobalSection(NestedProjects) = preSolution
		{1FB82A43-128D-46B5-AE3C-BF9C02CC06CE} = {3B694E9B-0D14-479A-AD2F-633BB563CB90}
		{938D81A3-427F-40A9-826F-E83735FA6714} = {90BB4D95-54C0-4694-B0D3-1E8163E637F3}
		{75AFBBC4-294A-49BD-B370-3A8103E9F050} = {8942952B-3984-421E-93CE-5BD9F790257B}
		{C0E28910-073D-4C02-BC5A-72196E5FB9F4} = {2EDC3AD6-2A4D-4FBC-9ECD-FD51DF515071}
		{F5ABA0AA-FBD4-4BE2-BD8F-0F4DFF8B958B} = {3B95B234-85C6-47AE-9355-3E43066467A4}
	EndGlobalSection
	GlobalSection(ExtensibilityGlobals) = postSolution
		SolutionGuid = {A40E016D-B5F1-46FE-ABC7-745E082A4279}
	EndGlobalSection
EndGlobal
